// !$*UTF8*$!
{
	archiveVersion = 1;
	classes = {
	};
	objectVersion = 50;
	objects = {

/* Begin PBXBuildFile section */
		A87871CE26A0891F00FF0606 /* AppDelegate.swift in Sources */ = {isa = PBXBuildFile; fileRef = A87871CD26A0891F00FF0606 /* AppDelegate.swift */; };
		A87871D026A0891F00FF0606 /* SceneDelegate.swift in Sources */ = {isa = PBXBuildFile; fileRef = A87871CF26A0891F00FF0606 /* SceneDelegate.swift */; };
		A87871D226A0891F00FF0606 /* ViewController.swift in Sources */ = {isa = PBXBuildFile; fileRef = A87871D126A0891F00FF0606 /* ViewController.swift */; };
		A87871D526A0891F00FF0606 /* Main.storyboard in Resources */ = {isa = PBXBuildFile; fileRef = A87871D326A0891F00FF0606 /* Main.storyboard */; };
		A87871D726A0892000FF0606 /* Assets.xcassets in Resources */ = {isa = PBXBuildFile; fileRef = A87871D626A0892000FF0606 /* Assets.xcassets */; };
		A87871DA26A0892000FF0606 /* LaunchScreen.storyboard in Resources */ = {isa = PBXBuildFile; fileRef = A87871D826A0892000FF0606 /* LaunchScreen.storyboard */; };
		A87871E526A0892000FF0606 /* SegueEx1Tests.swift in Sources */ = {isa = PBXBuildFile; fileRef = A87871E426A0892000FF0606 /* SegueEx1Tests.swift */; };
		A87871F026A0892000FF0606 /* SegueEx1UITests.swift in Sources */ = {isa = PBXBuildFile; fileRef = A87871EF26A0892000FF0606 /* SegueEx1UITests.swift */; };
/* End PBXBuildFile section */

/* Begin PBXContainerItemProxy section */
		A87871E126A0892000FF0606 /* PBXContainerItemProxy */ = {
			isa = PBXContainerItemProxy;
			containerPortal = A87871C226A0891F00FF0606 /* Project object */;
			proxyType = 1;
			remoteGlobalIDString = A87871C926A0891F00FF0606;
			remoteInfo = SegueEx1;
		};
		A87871EC26A0892000FF0606 /* PBXContainerItemProxy */ = {
			isa = PBXContainerItemProxy;
			containerPortal = A87871C226A0891F00FF0606 /* Project object */;
			proxyType = 1;
			remoteGlobalIDString = A87871C926A0891F00FF0606;
			remoteInfo = SegueEx1;
		};
/* End PBXContainerItemProxy section */

/* Begin PBXFileReference section */
		A87871CA26A0891F00FF0606 /* SegueEx1.app */ = {isa = PBXFileReference; explicitFileType = wrapper.application; includeInIndex = 0; path = SegueEx1.app; sourceTree = BUILT_PRODUCTS_DIR; };
		A87871CD26A0891F00FF0606 /* AppDelegate.swift */ = {isa = PBXFileReference; lastKnownFileType = sourcecode.swift; path = AppDelegate.swift; sourceTree = "<group>"; };
		A87871CF26A0891F00FF0606 /* SceneDelegate.swift */ = {isa = PBXFileReference; lastKnownFileType = sourcecode.swift; path = SceneDelegate.swift; sourceTree = "<group>"; };
		A87871D126A0891F00FF0606 /* ViewController.swift */ = {isa = PBXFileReference; lastKnownFileType = sourcecode.swift; path = ViewController.swift; sourceTree = "<group>"; };
		A87871D426A0891F00FF0606 /* Base */ = {isa = PBXFileReference; lastKnownFileType = file.storyboard; name = Base; path = Base.lproj/Main.storyboard; sourceTree = "<group>"; };
		A87871D626A0892000FF0606 /* Assets.xcassets */ = {isa = PBXFileReference; lastKnownFileType = folder.assetcatalog; path = Assets.xcassets; sourceTree = "<group>"; };
		A87871D926A0892000FF0606 /* Base */ = {isa = PBXFileReference; lastKnownFileType = file.storyboard; name = Base; path = Base.lproj/LaunchScreen.storyboard; sourceTree = "<group>"; };
		A87871DB26A0892000FF0606 /* Info.plist */ = {isa = PBXFileReference; lastKnownFileType = text.plist.xml; path = Info.plist; sourceTree = "<group>"; };
		A87871E026A0892000FF0606 /* SegueEx1Tests.xctest */ = {isa = PBXFileReference; explicitFileType = wrapper.cfbundle; includeInIndex = 0; path = SegueEx1Tests.xctest; sourceTree = BUILT_PRODUCTS_DIR; };
		A87871E426A0892000FF0606 /* SegueEx1Tests.swift */ = {isa = PBXFileReference; lastKnownFileType = sourcecode.swift; path = SegueEx1Tests.swift; sourceTree = "<group>"; };
		A87871E626A0892000FF0606 /* Info.plist */ = {isa = PBXFileReference; lastKnownFileType = text.plist.xml; path = Info.plist; sourceTree = "<group>"; };
		A87871EB26A0892000FF0606 /* SegueEx1UITests.xctest */ = {isa = PBXFileReference; explicitFileType = wrapper.cfbundle; includeInIndex = 0; path = SegueEx1UITests.xctest; sourceTree = BUILT_PRODUCTS_DIR; };
		A87871EF26A0892000FF0606 /* SegueEx1UITests.swift */ = {isa = PBXFileReference; lastKnownFileType = sourcecode.swift; path = SegueEx1UITests.swift; sourceTree = "<group>"; };
		A87871F126A0892000FF0606 /* Info.plist */ = {isa = PBXFileReference; lastKnownFileType = text.plist.xml; path = Info.plist; sourceTree = "<group>"; };
/* End PBXFileReference section */

/* Begin PBXFrameworksBuildPhase section */
		A87871C726A0891F00FF0606 /* Frameworks */ = {
			isa = PBXFrameworksBuildPhase;
			buildActionMask = 2147483647;
			files = (
			);
			runOnlyForDeploymentPostprocessing = 0;
		};
		A87871DD26A0892000FF0606 /* Frameworks */ = {
			isa = PBXFrameworksBuildPhase;
			buildActionMask = 2147483647;
			files = (
			);
			runOnlyForDeploymentPostprocessing = 0;
		};
		A87871E826A0892000FF0606 /* Frameworks */ = {
			isa = PBXFrameworksBuildPhase;
			buildActionMask = 2147483647;
			files = (
			);
			runOnlyForDeploymentPostprocessing = 0;
		};
/* End PBXFrameworksBuildPhase section */

/* Begin PBXGroup section */
		A87871C126A0891F00FF0606 = {
			isa = PBXGroup;
			children = (
				A87871CC26A0891F00FF0606 /* SegueEx1 */,
				A87871E326A0892000FF0606 /* SegueEx1Tests */,
				A87871EE26A0892000FF0606 /* SegueEx1UITests */,
				A87871CB26A0891F00FF0606 /* Products */,
			);
			sourceTree = "<group>";
		};
		A87871CB26A0891F00FF0606 /* Products */ = {
			isa = PBXGroup;
			children = (
				A87871CA26A0891F00FF0606 /* SegueEx1.app */,
				A87871E026A0892000FF0606 /* SegueEx1Tests.xctest */,
				A87871EB26A0892000FF0606 /* SegueEx1UITests.xctest */,
			);
			name = Products;
			sourceTree = "<group>";
		};
		A87871CC26A0891F00FF0606 /* SegueEx1 */ = {
			isa = PBXGroup;
			children = (
				A87871CD26A0891F00FF0606 /* AppDelegate.swift */,
				A87871CF26A0891F00FF0606 /* SceneDelegate.swift */,
				A87871D126A0891F00FF0606 /* ViewController.swift */,
				A87871D326A0891F00FF0606 /* Main.storyboard */,
				A87871D626A0892000FF0606 /* Assets.xcassets */,
				A87871D826A0892000FF0606 /* LaunchScreen.storyboard */,
				A87871DB26A0892000FF0606 /* Info.plist */,
			);
			path = SegueEx1;
			sourceTree = "<group>";
		};
		A87871E326A0892000FF0606 /* SegueEx1Tests */ = {
			isa = PBXGroup;
			children = (
				A87871E426A0892000FF0606 /* SegueEx1Tests.swift */,
				A87871E626A0892000FF0606 /* Info.plist */,
			);
			path = SegueEx1Tests;
			sourceTree = "<group>";
		};
		A87871EE26A0892000FF0606 /* SegueEx1UITests */ = {
			isa = PBXGroup;
			children = (
				A87871EF26A0892000FF0606 /* SegueEx1UITests.swift */,
				A87871F126A0892000FF0606 /* Info.plist */,
			);
			path = SegueEx1UITests;
			sourceTree = "<group>";
		};
/* End PBXGroup section */

/* Begin PBXNativeTarget section */
		A87871C926A0891F00FF0606 /* SegueEx1 */ = {
			isa = PBXNativeTarget;
			buildConfigurationList = A87871F426A0892000FF0606 /* Build configuration list for PBXNativeTarget "SegueEx1" */;
			buildPhases = (
				A87871C626A0891F00FF0606 /* Sources */,
				A87871C726A0891F00FF0606 /* Frameworks */,
				A87871C826A0891F00FF0606 /* Resources */,
			);
			buildRules = (
			);
			dependencies = (
			);
			name = SegueEx1;
			productName = SegueEx1;
			productReference = A87871CA26A0891F00FF0606 /* SegueEx1.app */;
			productType = "com.apple.product-type.application";
		};
		A87871DF26A0892000FF0606 /* SegueEx1Tests */ = {
			isa = PBXNativeTarget;
			buildConfigurationList = A87871F726A0892000FF0606 /* Build configuration list for PBXNativeTarget "SegueEx1Tests" */;
			buildPhases = (
				A87871DC26A0892000FF0606 /* Sources */,
				A87871DD26A0892000FF0606 /* Frameworks */,
				A87871DE26A0892000FF0606 /* Resources */,
			);
			buildRules = (
			);
			dependencies = (
				A87871E226A0892000FF0606 /* PBXTargetDependency */,
			);
			name = SegueEx1Tests;
			productName = SegueEx1Tests;
			productReference = A87871E026A0892000FF0606 /* SegueEx1Tests.xctest */;
			productType = "com.apple.product-type.bundle.unit-test";
		};
		A87871EA26A0892000FF0606 /* SegueEx1UITests */ = {
			isa = PBXNativeTarget;
			buildConfigurationList = A87871FA26A0892000FF0606 /* Build configuration list for PBXNativeTarget "SegueEx1UITests" */;
			buildPhases = (
				A87871E726A0892000FF0606 /* Sources */,
				A87871E826A0892000FF0606 /* Frameworks */,
				A87871E926A0892000FF0606 /* Resources */,
			);
			buildRules = (
			);
			dependencies = (
				A87871ED26A0892000FF0606 /* PBXTargetDependency */,
			);
			name = SegueEx1UITests;
			productName = SegueEx1UITests;
			productReference = A87871EB26A0892000FF0606 /* SegueEx1UITests.xctest */;
			productType = "com.apple.product-type.bundle.ui-testing";
		};
/* End PBXNativeTarget section */

/* Begin PBXProject section */
		A87871C226A0891F00FF0606 /* Project object */ = {
			isa = PBXProject;
			attributes = {
				LastSwiftUpdateCheck = 1250;
				LastUpgradeCheck = 1250;
				TargetAttributes = {
					A87871C926A0891F00FF0606 = {
						CreatedOnToolsVersion = 12.5;
					};
					A87871DF26A0892000FF0606 = {
						CreatedOnToolsVersion = 12.5;
						TestTargetID = A87871C926A0891F00FF0606;
					};
					A87871EA26A0892000FF0606 = {
						CreatedOnToolsVersion = 12.5;
						TestTargetID = A87871C926A0891F00FF0606;
					};
				};
			};
			buildConfigurationList = A87871C526A0891F00FF0606 /* Build configuration list for PBXProject "SegueEx1" */;
			compatibilityVersion = "Xcode 9.3";
			developmentRegion = en;
			hasScannedForEncodings = 0;
			knownRegions = (
				en,
				Base,
			);
			mainGroup = A87871C126A0891F00FF0606;
			productRefGroup = A87871CB26A0891F00FF0606 /* Products */;
			projectDirPath = "";
			projectRoot = "";
			targets = (
				A87871C926A0891F00FF0606 /* SegueEx1 */,
				A87871DF26A0892000FF0606 /* SegueEx1Tests */,
				A87871EA26A0892000FF0606 /* SegueEx1UITests */,
			);
		};
/* End PBXProject section */

/* Begin PBXResourcesBuildPhase section */
		A87871C826A0891F00FF0606 /* Resources */ = {
			isa = PBXResourcesBuildPhase;
			buildActionMask = 2147483647;
			files = (
				A87871DA26A0892000FF0606 /* LaunchScreen.storyboard in Resources */,
				A87871D726A0892000FF0606 /* Assets.xcassets in Resources */,
				A87871D526A0891F00FF0606 /* Main.storyboard in Resources */,
			);
			runOnlyForDeploymentPostprocessing = 0;
		};
		A87871DE26A0892000FF0606 /* Resources */ = {
			isa = PBXResourcesBuildPhase;
			buildActionMask = 2147483647;
			files = (
			);
			runOnlyForDeploymentPostprocessing = 0;
		};
		A87871E926A0892000FF0606 /* Resources */ = {
			isa = PBXResourcesBuildPhase;
			buildActionMask = 2147483647;
			files = (
			);
			runOnlyForDeploymentPostprocessing = 0;
		};
/* End PBXResourcesBuildPhase section */

/* Begin PBXSourcesBuildPhase section */
		A87871C626A0891F00FF0606 /* Sources */ = {
			isa = PBXSourcesBuildPhase;
			buildActionMask = 2147483647;
			files = (
				A87871D226A0891F00FF0606 /* ViewController.swift in Sources */,
				A87871CE26A0891F00FF0606 /* AppDelegate.swift in Sources */,
				A87871D026A0891F00FF0606 /* SceneDelegate.swift in Sources */,
			);
			runOnlyForDeploymentPostprocessing = 0;
		};
		A87871DC26A0892000FF0606 /* Sources */ = {
			isa = PBXSourcesBuildPhase;
			buildActionMask = 2147483647;
			files = (
				A87871E526A0892000FF0606 /* SegueEx1Tests.swift in Sources */,
			);
			runOnlyForDeploymentPostprocessing = 0;
		};
		A87871E726A0892000FF0606 /* Sources */ = {
			isa = PBXSourcesBuildPhase;
			buildActionMask = 2147483647;
			files = (
				A87871F026A0892000FF0606 /* SegueEx1UITests.swift in Sources */,
			);
			runOnlyForDeploymentPostprocessing = 0;
		};
/* End PBXSourcesBuildPhase section */

/* Begin PBXTargetDependency section */
		A87871E226A0892000FF0606 /* PBXTargetDependency */ = {
			isa = PBXTargetDependency;
			target = A87871C926A0891F00FF0606 /* SegueEx1 */;
			targetProxy = A87871E126A0892000FF0606 /* PBXContainerItemProxy */;
		};
		A87871ED26A0892000FF0606 /* PBXTargetDependency */ = {
			isa = PBXTargetDependency;
			target = A87871C926A0891F00FF0606 /* SegueEx1 */;
			targetProxy = A87871EC26A0892000FF0606 /* PBXContainerItemProxy */;
		};
/* End PBXTargetDependency section */

/* Begin PBXVariantGroup section */
		A87871D326A0891F00FF0606 /* Main.storyboard */ = {
			isa = PBXVariantGroup;
			children = (
				A87871D426A0891F00FF0606 /* Base */,
			);
			name = Main.storyboard;
			sourceTree = "<group>";
		};
		A87871D826A0892000FF0606 /* LaunchScreen.storyboard */ = {
			isa = PBXVariantGroup;
			children = (
				A87871D926A0892000FF0606 /* Base */,
			);
			name = LaunchScreen.storyboard;
			sourceTree = "<group>";
		};
/* End PBXVariantGroup section */

/* Begin XCBuildConfiguration section */
		A87871F226A0892000FF0606 /* Debug */ = {
			isa = XCBuildConfiguration;
			buildSettings = {
				ALWAYS_SEARCH_USER_PATHS = NO;
				CLANG_ANALYZER_NONNULL = YES;
				CLANG_ANALYZER_NUMBER_OBJECT_CONVERSION = YES_AGGRESSIVE;
				CLANG_CXX_LANGUAGE_STANDARD = "gnu++14";
				CLANG_CXX_LIBRARY = "libc++";
				CLANG_ENABLE_MODULES = YES;
				CLANG_ENABLE_OBJC_ARC = YES;
				CLANG_ENABLE_OBJC_WEAK = YES;
				CLANG_WARN_BLOCK_CAPTURE_AUTORELEASING = YES;
				CLANG_WARN_BOOL_CONVERSION = YES;
				CLANG_WARN_COMMA = YES;
				CLANG_WARN_CONSTANT_CONVERSION = YES;
				CLANG_WARN_DEPRECATED_OBJC_IMPLEMENTATIONS = YES;
				CLANG_WARN_DIRECT_OBJC_ISA_USAGE = YES_ERROR;
				CLANG_WARN_DOCUMENTATION_COMMENTS = YES;
				CLANG_WARN_EMPTY_BODY = YES;
				CLANG_WARN_ENUM_CONVERSION = YES;
				CLANG_WARN_INFINITE_RECURSION = YES;
				CLANG_WARN_INT_CONVERSION = YES;
				CLANG_WARN_NON_LITERAL_NULL_CONVERSION = YES;
				CLANG_WARN_OBJC_IMPLICIT_RETAIN_SELF = YES;
				CLANG_WARN_OBJC_LITERAL_CONVERSION = YES;
				CLANG_WARN_OBJC_ROOT_CLASS = YES_ERROR;
				CLANG_WARN_QUOTED_INCLUDE_IN_FRAMEWORK_HEADER = YES;
				CLANG_WARN_RANGE_LOOP_ANALYSIS = YES;
				CLANG_WARN_STRICT_PROTOTYPES = YES;
				CLANG_WARN_SUSPICIOUS_MOVE = YES;
				CLANG_WARN_UNGUARDED_AVAILABILITY = YES_AGGRESSIVE;
				CLANG_WARN_UNREACHABLE_CODE = YES;
				CLANG_WARN__DUPLICATE_METHOD_MATCH = YES;
				COPY_PHASE_STRIP = NO;
				DEBUG_INFORMATION_FORMAT = dwarf;
				ENABLE_STRICT_OBJC_MSGSEND = YES;
				ENABLE_TESTABILITY = YES;
				GCC_C_LANGUAGE_STANDARD = gnu11;
				GCC_DYNAMIC_NO_PIC = NO;
				GCC_NO_COMMON_BLOCKS = YES;
				GCC_OPTIMIZATION_LEVEL = 0;
				GCC_PREPROCESSOR_DEFINITIONS = (
					"DEBUG=1",
					"$(inherited)",
				);
				GCC_WARN_64_TO_32_BIT_CONVERSION = YES;
				GCC_WARN_ABOUT_RETURN_TYPE = YES_ERROR;
				GCC_WARN_UNDECLARED_SELECTOR = YES;
				GCC_WARN_UNINITIALIZED_AUTOS = YES_AGGRESSIVE;
				GCC_WARN_UNUSED_FUNCTION = YES;
				GCC_WARN_UNUSED_VARIABLE = YES;
				IPHONEOS_DEPLOYMENT_TARGET = 14.5;
				MTL_ENABLE_DEBUG_INFO = INCLUDE_SOURCE;
				MTL_FAST_MATH = YES;
				ONLY_ACTIVE_ARCH = YES;
				SDKROOT = iphoneos;
				SWIFT_ACTIVE_COMPILATION_CONDITIONS = DEBUG;
				SWIFT_OPTIMIZATION_LEVEL = "-Onone";
			};
			name = Debug;
		};
		A87871F326A0892000FF0606 /* Release */ = {
			isa = XCBuildConfiguration;
			buildSettings = {
				ALWAYS_SEARCH_USER_PATHS = NO;
				CLANG_ANALYZER_NONNULL = YES;
				CLANG_ANALYZER_NUMBER_OBJECT_CONVERSION = YES_AGGRESSIVE;
				CLANG_CXX_LANGUAGE_STANDARD = "gnu++14";
				CLANG_CXX_LIBRARY = "libc++";
				CLANG_ENABLE_MODULES = YES;
				CLANG_ENABLE_OBJC_ARC = YES;
				CLANG_ENABLE_OBJC_WEAK = YES;
				CLANG_WARN_BLOCK_CAPTURE_AUTORELEASING = YES;
				CLANG_WARN_BOOL_CONVERSION = YES;
				CLANG_WARN_COMMA = YES;
				CLANG_WARN_CONSTANT_CONVERSION = YES;
				CLANG_WARN_DEPRECATED_OBJC_IMPLEMENTATIONS = YES;
				CLANG_WARN_DIRECT_OBJC_ISA_USAGE = YES_ERROR;
				CLANG_WARN_DOCUMENTATION_COMMENTS = YES;
				CLANG_WARN_EMPTY_BODY = YES;
				CLANG_WARN_ENUM_CONVERSION = YES;
				CLANG_WARN_INFINITE_RECURSION = YES;
				CLANG_WARN_INT_CONVERSION = YES;
				CLANG_WARN_NON_LITERAL_NULL_CONVERSION = YES;
				CLANG_WARN_OBJC_IMPLICIT_RETAIN_SELF = YES;
				CLANG_WARN_OBJC_LITERAL_CONVERSION = YES;
				CLANG_WARN_OBJC_ROOT_CLASS = YES_ERROR;
				CLANG_WARN_QUOTED_INCLUDE_IN_FRAMEWORK_HEADER = YES;
				CLANG_WARN_RANGE_LOOP_ANALYSIS = YES;
				CLANG_WARN_STRICT_PROTOTYPES = YES;
				CLANG_WARN_SUSPICIOUS_MOVE = YES;
				CLANG_WARN_UNGUARDED_AVAILABILITY = YES_AGGRESSIVE;
				CLANG_WARN_UNREACHABLE_CODE = YES;
				CLANG_WARN__DUPLICATE_METHOD_MATCH = YES;
				COPY_PHASE_STRIP = NO;
				DEBUG_INFORMATION_FORMAT = "dwarf-with-dsym";
				ENABLE_NS_ASSERTIONS = NO;
				ENABLE_STRICT_OBJC_MSGSEND = YES;
				GCC_C_LANGUAGE_STANDARD = gnu11;
				GCC_NO_COMMON_BLOCKS = YES;
				GCC_WARN_64_TO_32_BIT_CONVERSION = YES;
				GCC_WARN_ABOUT_RETURN_TYPE = YES_ERROR;
				GCC_WARN_UNDECLARED_SELECTOR = YES;
				GCC_WARN_UNINITIALIZED_AUTOS = YES_AGGRESSIVE;
				GCC_WARN_UNUSED_FUNCTION = YES;
				GCC_WARN_UNUSED_VARIABLE = YES;
				IPHONEOS_DEPLOYMENT_TARGET = 14.5;
				MTL_ENABLE_DEBUG_INFO = NO;
				MTL_FAST_MATH = YES;
				SDKROOT = iphoneos;
				SWIFT_COMPILATION_MODE = wholemodule;
				SWIFT_OPTIMIZATION_LEVEL = "-O";
				VALIDATE_PRODUCT = YES;
			};
			name = Release;
		};
		A87871F526A0892000FF0606 /* Debug */ = {
			isa = XCBuildConfiguration;
			buildSettings = {
				ASSETCATALOG_COMPILER_APPICON_NAME = AppIcon;
				ASSETCATALOG_COMPILER_GLOBAL_ACCENT_COLOR_NAME = AccentColor;
				CODE_SIGN_STYLE = Automatic;
				INFOPLIST_FILE = SegueEx1/Info.plist;
				LD_RUNPATH_SEARCH_PATHS = (
					"$(inherited)",
					"@executable_path/Frameworks",
				);
				PRODUCT_BUNDLE_IDENTIFIER = "Prajita-Shrestha.SegueEx1";
				PRODUCT_NAME = "$(TARGET_NAME)";
				SWIFT_VERSION = 5.0;
				TARGETED_DEVICE_FAMILY = "1,2";
			};
			name = Debug;
		};
		A87871F626A0892000FF0606 /* Release */ = {
			isa = XCBuildConfiguration;
			buildSettings = {
				ASSETCATALOG_COMPILER_APPICON_NAME = AppIcon;
				ASSETCATALOG_COMPILER_GLOBAL_ACCENT_COLOR_NAME = AccentColor;
				CODE_SIGN_STYLE = Automatic;
				INFOPLIST_FILE = SegueEx1/Info.plist;
				LD_RUNPATH_SEARCH_PATHS = (
					"$(inherited)",
					"@executable_path/Frameworks",
				);
				PRODUCT_BUNDLE_IDENTIFIER = "Prajita-Shrestha.SegueEx1";
				PRODUCT_NAME = "$(TARGET_NAME)";
				SWIFT_VERSION = 5.0;
				TARGETED_DEVICE_FAMILY = "1,2";
			};
			name = Release;
		};
		A87871F826A0892000FF0606 /* Debug */ = {
			isa = XCBuildConfiguration;
			buildSettings = {
				ALWAYS_EMBED_SWIFT_STANDARD_LIBRARIES = YES;
				BUNDLE_LOADER = "$(TEST_HOST)";
				CODE_SIGN_STYLE = Automatic;
				INFOPLIST_FILE = SegueEx1Tests/Info.plist;
				IPHONEOS_DEPLOYMENT_TARGET = 14.5;
				LD_RUNPATH_SEARCH_PATHS = (
					"$(inherited)",
					"@executable_path/Frameworks",
					"@loader_path/Frameworks",
				);
				PRODUCT_BUNDLE_IDENTIFIER = "Prajita-Shrestha.SegueEx1Tests";
				PRODUCT_NAME = "$(TARGET_NAME)";
				SWIFT_VERSION = 5.0;
				TARGETED_DEVICE_FAMILY = "1,2";
				TEST_HOST = "$(BUILT_PRODUCTS_DIR)/SegueEx1.app/SegueEx1";
			};
			name = Debug;
		};
		A87871F926A0892000FF0606 /* Release */ = {
			isa = XCBuildConfiguration;
			buildSettings = {
				ALWAYS_EMBED_SWIFT_STANDARD_LIBRARIES = YES;
				BUNDLE_LOADER = "$(TEST_HOST)";
				CODE_SIGN_STYLE = Automatic;
				INFOPLIST_FILE = SegueEx1Tests/Info.plist;
				IPHONEOS_DEPLOYMENT_TARGET = 14.5;
				LD_RUNPATH_SEARCH_PATHS = (
					"$(inherited)",
					"@executable_path/Frameworks",
					"@loader_path/Frameworks",
				);
				PRODUCT_BUNDLE_IDENTIFIER = "Prajita-Shrestha.SegueEx1Tests";
				PRODUCT_NAME = "$(TARGET_NAME)";
				SWIFT_VERSION = 5.0;
				TARGETED_DEVICE_FAMILY = "1,2";
				TEST_HOST = "$(BUILT_PRODUCTS_DIR)/SegueEx1.app/SegueEx1";
			};
			name = Release;
		};
		A87871FB26A0892000FF0606 /* Debug */ = {
			isa = XCBuildConfiguration;
			buildSettings = {
				ALWAYS_EMBED_SWIFT_STANDARD_LIBRARIES = YES;
				CODE_SIGN_STYLE = Automatic;
				INFOPLIST_FILE = SegueEx1UITests/Info.plist;
				LD_RUNPATH_SEARCH_PATHS = (
					"$(inherited)",
					"@executable_path/Frameworks",
					"@loader_path/Frameworks",
				);
				PRODUCT_BUNDLE_IDENTIFIER = "Prajita-Shrestha.SegueEx1UITests";
				PRODUCT_NAME = "$(TARGET_NAME)";
				SWIFT_VERSION = 5.0;
				TARGETED_DEVICE_FAMILY = "1,2";
				TEST_TARGET_NAME = SegueEx1;
			};
			name = Debug;
		};
		A87871FC26A0892000FF0606 /* Release */ = {
			isa = XCBuildConfiguration;
			buildSettings = {
				ALWAYS_EMBED_SWIFT_STANDARD_LIBRARIES = YES;
				CODE_SIGN_STYLE = Automatic;
				INFOPLIST_FILE = SegueEx1UITests/Info.plist;
				LD_RUNPATH_SEARCH_PATHS = (
					"$(inherited)",
					"@executable_path/Frameworks",
					"@loader_path/Frameworks",
				);
				PRODUCT_BUNDLE_IDENTIFIER = "Prajita-Shrestha.SegueEx1UITests";
				PRODUCT_NAME = "$(TARGET_NAME)";
				SWIFT_VERSION = 5.0;
				TARGETED_DEVICE_FAMILY = "1,2";
				TEST_TARGET_NAME = SegueEx1;
			};
			name = Release;
		};
/* End XCBuildConfiguration section */

/* Begin XCConfigurationList section */
		A87871C526A0891F00FF0606 /* Build configuration list for PBXProject "SegueEx1" */ = {
			isa = XCConfigurationList;
			buildConfigurations = (
				A87871F226A0892000FF0606 /* Debug */,
				A87871F326A0892000FF0606 /* Release */,
			);
			defaultConfigurationIsVisible = 0;
			defaultConfigurationName = Release;
		};
		A87871F426A0892000FF0606 /* Build configuration list for PBXNativeTarget "SegueEx1" */ = {
			isa = XCConfigurationList;
			buildConfigurations = (
				A87871F526A0892000FF0606 /* Debug */,
				A87871F626A0892000FF0606 /* Release */,
			);
			defaultConfigurationIsVisible = 0;
			defaultConfigurationName = Release;
		};
		A87871F726A0892000FF0606 /* Build configuration list for PBXNativeTarget "SegueEx1Tests" */ = {
			isa = XCConfigurationList;
			buildConfigurations = (
				A87871F826A0892000FF0606 /* Debug */,
				A87871F926A0892000FF0606 /* Release */,
			);
			defaultConfigurationIsVisible = 0;
			defaultConfigurationName = Release;
		};
		A87871FA26A0892000FF0606 /* Build configuration list for PBXNativeTarget "SegueEx1UITests" */ = {
			isa = XCConfigurationList;
			buildConfigurations = (
				A87871FB26A0892000FF0606 /* Debug */,
				A87871FC26A0892000FF0606 /* Release */,
			);
			defaultConfigurationIsVisible = 0;
			defaultConfigurationName = Release;
		};
/* End XCConfigurationList section */
	};
	rootObject = A87871C226A0891F00FF0606 /* Project object */;
}
